
Microsoft Visual Studio Solution File, Format Version 12.00
# Visual Studio Version 17
VisualStudioVersion = 17.5.33627.172
MinimumVisualStudioVersion = 10.0.40219.1
Project("{9A19103F-16F7-4668-BE54-9A1E7A4F7556}") = "GrasshopperComponent", "GrasshopperComponent\GrasshopperComponent.csproj", "{015F96F8-0A65-48D2-A219-C86F23A6714A}"
	ProjectSection(ProjectDependencies) = postProject
		{F7EA1364-BB72-4A5C-8D18-B17FB1259CEC} = {F7EA1364-BB72-4A5C-8D18-B17FB1259CEC}
	EndProjectSection
EndProject
Project("{FAE04EC0-301F-11D3-BF4B-00C04F79EFBC}") = "WPFApplication", "WPFApplication\WPFApplication.csproj", "{F7EA1364-BB72-4A5C-8D18-B17FB1259CEC}"
	ProjectSection(ProjectDependencies) = postProject
		{8DA3258E-49CF-483F-A100-3A12304BDE0E} = {8DA3258E-49CF-483F-A100-3A12304BDE0E}
	EndProjectSection
EndProject
Project("{FAE04EC0-301F-11D3-BF4B-00C04F79EFBC}") = "WebAPI", "WebAPI\WebAPI.csproj", "{349A7EEE-74E9-44F5-8404-0DDB7B74DB6A}"
EndProject
Project("{FAE04EC0-301F-11D3-BF4B-00C04F79EFBC}") = "PythonAPI", "PythonAPI\PythonAPI.csproj", "{1233EAB1-DB38-4264-830A-A40FC694D44D}"
EndProject
Project("{FAE04EC0-301F-11D3-BF4B-00C04F79EFBC}") = "Core", "Core\Core.csproj", "{8DA3258E-49CF-483F-A100-3A12304BDE0E}"
	ProjectSection(ProjectDependencies) = postProject
		{1233EAB1-DB38-4264-830A-A40FC694D44D} = {1233EAB1-DB38-4264-830A-A40FC694D44D}
		{25E78628-3ABC-441B-B8C3-1B4E451CAD2B} = {25E78628-3ABC-441B-B8C3-1B4E451CAD2B}
		{349A7EEE-74E9-44F5-8404-0DDB7B74DB6A} = {349A7EEE-74E9-44F5-8404-0DDB7B74DB6A}
		{73CD0EC1-44DA-469C-B382-42479D3DE8EF} = {73CD0EC1-44DA-469C-B382-42479D3DE8EF}
	EndProjectSection
EndProject
Project("{FAE04EC0-301F-11D3-BF4B-00C04F79EFBC}") = "EntityFrameworkDatabase", "EntityFrameworkDatabase\EntityFrameworkDatabase.csproj", "{25E78628-3ABC-441B-B8C3-1B4E451CAD2B}"
EndProject
Project("{FAE04EC0-301F-11D3-BF4B-00C04F79EFBC}") = "Visualizations", "Visualizations\Visualizations.csproj", "{73CD0EC1-44DA-469C-B382-42479D3DE8EF}"
EndProject
Global
	GlobalSection(SolutionConfigurationPlatforms) = preSolution
		Debug|Any CPU = Debug|Any CPU
		Debug|x64 = Debug|x64
		Debug|x86 = Debug|x86
		Release|Any CPU = Release|Any CPU
		Release|x64 = Release|x64
		Release|x86 = Release|x86
	EndGlobalSection
	GlobalSection(ProjectConfigurationPlatforms) = postSolution
		{015F96F8-0A65-48D2-A219-C86F23A6714A}.Debug|Any CPU.ActiveCfg = Debug|Any CPU
		{015F96F8-0A65-48D2-A219-C86F23A6714A}.Debug|Any CPU.Build.0 = Debug|Any CPU
		{015F96F8-0A65-48D2-A219-C86F23A6714A}.Debug|x64.ActiveCfg = Debug|x64
		{015F96F8-0A65-48D2-A219-C86F23A6714A}.Debug|x64.Build.0 = Debug|x64
		{015F96F8-0A65-48D2-A219-C86F23A6714A}.Debug|x86.ActiveCfg = Debug|x86
		{015F96F8-0A65-48D2-A219-C86F23A6714A}.Debug|x86.Build.0 = Debug|x86
		{015F96F8-0A65-48D2-A219-C86F23A6714A}.Release|Any CPU.ActiveCfg = Release|Any CPU
		{015F96F8-0A65-48D2-A219-C86F23A6714A}.Release|Any CPU.Build.0 = Release|Any CPU
		{015F96F8-0A65-48D2-A219-C86F23A6714A}.Release|x64.ActiveCfg = Release|x64
		{015F96F8-0A65-48D2-A219-C86F23A6714A}.Release|x64.Build.0 = Release|x64
		{015F96F8-0A65-48D2-A219-C86F23A6714A}.Release|x86.ActiveCfg = Release|x86
		{015F96F8-0A65-48D2-A219-C86F23A6714A}.Release|x86.Build.0 = Release|x86
		{F7EA1364-BB72-4A5C-8D18-B17FB1259CEC}.Debug|Any CPU.ActiveCfg = Debug|Any CPU
		{F7EA1364-BB72-4A5C-8D18-B17FB1259CEC}.Debug|Any CPU.Build.0 = Debug|Any CPU
		{F7EA1364-BB72-4A5C-8D18-B17FB1259CEC}.Debug|x64.ActiveCfg = Debug|x64
		{F7EA1364-BB72-4A5C-8D18-B17FB1259CEC}.Debug|x64.Build.0 = Debug|x64
		{F7EA1364-BB72-4A5C-8D18-B17FB1259CEC}.Debug|x86.ActiveCfg = Debug|x86
		{F7EA1364-BB72-4A5C-8D18-B17FB1259CEC}.Debug|x86.Build.0 = Debug|x86
		{F7EA1364-BB72-4A5C-8D18-B17FB1259CEC}.Release|Any CPU.ActiveCfg = Release|Any CPU
		{F7EA1364-BB72-4A5C-8D18-B17FB1259CEC}.Release|Any CPU.Build.0 = Release|Any CPU
		{F7EA1364-BB72-4A5C-8D18-B17FB1259CEC}.Release|x64.ActiveCfg = Release|x64
		{F7EA1364-BB72-4A5C-8D18-B17FB1259CEC}.Release|x64.Build.0 = Release|x64
		{F7EA1364-BB72-4A5C-8D18-B17FB1259CEC}.Release|x86.ActiveCfg = Release|x86
		{F7EA1364-BB72-4A5C-8D18-B17FB1259CEC}.Release|x86.Build.0 = Release|x86
		{349A7EEE-74E9-44F5-8404-0DDB7B74DB6A}.Debug|Any CPU.ActiveCfg = Debug|Any CPU
		{349A7EEE-74E9-44F5-8404-0DDB7B74DB6A}.Debug|Any CPU.Build.0 = Debug|Any CPU
		{349A7EEE-74E9-44F5-8404-0DDB7B74DB6A}.Debug|x64.ActiveCfg = Debug|x64
		{349A7EEE-74E9-44F5-8404-0DDB7B74DB6A}.Debug|x64.Build.0 = Debug|x64
		{349A7EEE-74E9-44F5-8404-0DDB7B74DB6A}.Debug|x86.ActiveCfg = Debug|x86
		{349A7EEE-74E9-44F5-8404-0DDB7B74DB6A}.Debug|x86.Build.0 = Debug|x86
		{349A7EEE-74E9-44F5-8404-0DDB7B74DB6A}.Release|Any CPU.ActiveCfg = Release|Any CPU
		{349A7EEE-74E9-44F5-8404-0DDB7B74DB6A}.Release|Any CPU.Build.0 = Release|Any CPU
		{349A7EEE-74E9-44F5-8404-0DDB7B74DB6A}.Release|x64.ActiveCfg = Release|x64
		{349A7EEE-74E9-44F5-8404-0DDB7B74DB6A}.Release|x64.Build.0 = Release|x64
		{349A7EEE-74E9-44F5-8404-0DDB7B74DB6A}.Release|x86.ActiveCfg = Release|x86
		{349A7EEE-74E9-44F5-8404-0DDB7B74DB6A}.Release|x86.Build.0 = Release|x86
		{1233EAB1-DB38-4264-830A-A40FC694D44D}.Debug|Any CPU.ActiveCfg = Debug|Any CPU
		{1233EAB1-DB38-4264-830A-A40FC694D44D}.Debug|Any CPU.Build.0 = Debug|Any CPU
		{1233EAB1-DB38-4264-830A-A40FC694D44D}.Debug|x64.ActiveCfg = Debug|x64
		{1233EAB1-DB38-4264-830A-A40FC694D44D}.Debug|x64.Build.0 = Debug|x64
		{1233EAB1-DB38-4264-830A-A40FC694D44D}.Debug|x86.ActiveCfg = Debug|x86
		{1233EAB1-DB38-4264-830A-A40FC694D44D}.Debug|x86.Build.0 = Debug|x86
		{1233EAB1-DB38-4264-830A-A40FC694D44D}.Release|Any CPU.ActiveCfg = Release|Any CPU
		{1233EAB1-DB38-4264-830A-A40FC694D44D}.Release|Any CPU.Build.0 = Release|Any CPU
		{1233EAB1-DB38-4264-830A-A40FC694D44D}.Release|x64.ActiveCfg = Release|x64
		{1233EAB1-DB38-4264-830A-A40FC694D44D}.Release|x64.Build.0 = Release|x64
		{1233EAB1-DB38-4264-830A-A40FC694D44D}.Release|x86.ActiveCfg = Release|x86
		{1233EAB1-DB38-4264-830A-A40FC694D44D}.Release|x86.Build.0 = Release|x86
		{8DA3258E-49CF-483F-A100-3A12304BDE0E}.Debug|Any CPU.ActiveCfg = Debug|Any CPU
		{8DA3258E-49CF-483F-A100-3A12304BDE0E}.Debug|Any CPU.Build.0 = Debug|Any CPU
		{8DA3258E-49CF-483F-A100-3A12304BDE0E}.Debug|x64.ActiveCfg = Debug|x64
		{8DA3258E-49CF-483F-A100-3A12304BDE0E}.Debug|x64.Build.0 = Debug|x64
		{8DA3258E-49CF-483F-A100-3A12304BDE0E}.Debug|x86.ActiveCfg = Debug|x86
		{8DA3258E-49CF-483F-A100-3A12304BDE0E}.Debug|x86.Build.0 = Debug|x86
		{8DA3258E-49CF-483F-A100-3A12304BDE0E}.Release|Any CPU.ActiveCfg = Release|Any CPU
		{8DA3258E-49CF-483F-A100-3A12304BDE0E}.Release|Any CPU.Build.0 = Release|Any CPU
		{8DA3258E-49CF-483F-A100-3A12304BDE0E}.Release|x64.ActiveCfg = Release|x64
		{8DA3258E-49CF-483F-A100-3A12304BDE0E}.Release|x64.Build.0 = Release|x64
		{8DA3258E-49CF-483F-A100-3A12304BDE0E}.Release|x86.ActiveCfg = Release|x86
		{8DA3258E-49CF-483F-A100-3A12304BDE0E}.Release|x86.Build.0 = Release|x86
		{25E78628-3ABC-441B-B8C3-1B4E451CAD2B}.Debug|Any CPU.ActiveCfg = Debug|Any CPU
		{25E78628-3ABC-441B-B8C3-1B4E451CAD2B}.Debug|Any CPU.Build.0 = Debug|Any CPU
		{25E78628-3ABC-441B-B8C3-1B4E451CAD2B}.Debug|x64.ActiveCfg = Debug|x64
		{25E78628-3ABC-441B-B8C3-1B4E451CAD2B}.Debug|x64.Build.0 = Debug|x64
		{25E78628-3ABC-441B-B8C3-1B4E451CAD2B}.Debug|x86.ActiveCfg = Debug|x86
		{25E78628-3ABC-441B-B8C3-1B4E451CAD2B}.Debug|x86.Build.0 = Debug|x86
		{25E78628-3ABC-441B-B8C3-1B4E451CAD2B}.Release|Any CPU.ActiveCfg = Release|Any CPU
		{25E78628-3ABC-441B-B8C3-1B4E451CAD2B}.Release|Any CPU.Build.0 = Release|Any CPU
		{25E78628-3ABC-441B-B8C3-1B4E451CAD2B}.Release|x64.ActiveCfg = Release|x64
		{25E78628-3ABC-441B-B8C3-1B4E451CAD2B}.Release|x64.Build.0 = Release|x64
		{25E78628-3ABC-441B-B8C3-1B4E451CAD2B}.Release|x86.ActiveCfg = Release|x86
		{25E78628-3ABC-441B-B8C3-1B4E451CAD2B}.Release|x86.Build.0 = Release|x86
		{73CD0EC1-44DA-469C-B382-42479D3DE8EF}.Debug|Any CPU.ActiveCfg = Debug|Any CPU
		{73CD0EC1-44DA-469C-B382-42479D3DE8EF}.Debug|Any CPU.Build.0 = Debug|Any CPU
		{73CD0EC1-44DA-469C-B382-42479D3DE8EF}.Debug|x64.ActiveCfg = Debug|Any CPU
		{73CD0EC1-44DA-469C-B382-42479D3DE8EF}.Debug|x64.Build.0 = Debug|Any CPU
		{73CD0EC1-44DA-469C-B382-42479D3DE8EF}.Debug|x86.ActiveCfg = Debug|Any CPU
		{73CD0EC1-44DA-469C-B382-42479D3DE8EF}.Debug|x86.Build.0 = Debug|Any CPU
		{73CD0EC1-44DA-469C-B382-42479D3DE8EF}.Release|Any CPU.ActiveCfg = Release|Any CPU
		{73CD0EC1-44DA-469C-B382-42479D3DE8EF}.Release|Any CPU.Build.0 = Release|Any CPU
		{73CD0EC1-44DA-469C-B382-42479D3DE8EF}.Release|x64.ActiveCfg = Release|Any CPU
		{73CD0EC1-44DA-469C-B382-42479D3DE8EF}.Release|x64.Build.0 = Release|Any CPU
		{73CD0EC1-44DA-469C-B382-42479D3DE8EF}.Release|x86.ActiveCfg = Release|Any CPU
		{73CD0EC1-44DA-469C-B382-42479D3DE8EF}.Release|x86.Build.0 = Release|Any CPU
	EndGlobalSection
	GlobalSection(SolutionProperties) = preSolution
		HideSolutionNode = FALSE
	EndGlobalSection
	GlobalSection(ExtensibilityGlobals) = postSolution
		SolutionGuid = {E71FDC1C-EC56-407A-8972-403FA39E2EE2}
	EndGlobalSection
EndGlobal
