
Microsoft Visual Studio Solution File, Format Version 12.00
# Visual Studio Version 17
VisualStudioVersion = 17.5.33627.172
MinimumVisualStudioVersion = 10.0.40219.1
Project("{FAE04EC0-301F-11D3-BF4B-00C04F79EFBC}") = "WPFApplication", "WPFApplication\WPFApplication.csproj", "{F7EA1364-BB72-4A5C-8D18-B17FB1259CEC}"
	ProjectSection(ProjectDependencies) = postProject
		{8DA3258E-49CF-483F-A100-3A12304BDE0E} = {8DA3258E-49CF-483F-A100-3A12304BDE0E}
	EndProjectSection
EndProject
Project("{FAE04EC0-301F-11D3-BF4B-00C04F79EFBC}") = "WebAPI", "WebAPI\WebAPI.csproj", "{349A7EEE-74E9-44F5-8404-0DDB7B74DB6A}"
	ProjectSection(ProjectDependencies) = postProject
		{8DA3258E-49CF-483F-A100-3A12304BDE0E} = {8DA3258E-49CF-483F-A100-3A12304BDE0E}
	EndProjectSection
EndProject
Project("{FAE04EC0-301F-11D3-BF4B-00C04F79EFBC}") = "Core", "Core\Core.csproj", "{8DA3258E-49CF-483F-A100-3A12304BDE0E}"
EndProject
Project("{FAE04EC0-301F-11D3-BF4B-00C04F79EFBC}") = "Visualizations", "Visualizations\Visualizations.csproj", "{73CD0EC1-44DA-469C-B382-42479D3DE8EF}"
	ProjectSection(ProjectDependencies) = postProject
		{1233EAB1-DB38-4264-830A-A40FC694D44D} = {1233EAB1-DB38-4264-830A-A40FC694D44D}
		{349A7EEE-74E9-44F5-8404-0DDB7B74DB6A} = {349A7EEE-74E9-44F5-8404-0DDB7B74DB6A}
		{8DA3258E-49CF-483F-A100-3A12304BDE0E} = {8DA3258E-49CF-483F-A100-3A12304BDE0E}
		{AC9A69F3-1273-46CD-BDD2-14BC512C8413} = {AC9A69F3-1273-46CD-BDD2-14BC512C8413}
	EndProjectSection
EndProject
Project("{2150E333-8FDC-42A3-9474-1A3956D46DE8}") = "Base", "Base", "{E34DEBB4-3461-4181-AD7D-98FED63E2A97}"
EndProject
Project("{2150E333-8FDC-42A3-9474-1A3956D46DE8}") = "Interface", "Interface", "{C91437D0-7D9E-4502-9446-CC03BAF61A78}"
EndProject
Project("{2150E333-8FDC-42A3-9474-1A3956D46DE8}") = "Frontend", "Frontend", "{5F95C4A3-F007-44BD-8F70-AD62BB3E0DF5}"
EndProject
Project("{2150E333-8FDC-42A3-9474-1A3956D46DE8}") = "Visualizations", "Visualizations", "{F33F180B-EA53-432F-BCCF-421EC014710C}"
EndProject
Project("{2150E333-8FDC-42A3-9474-1A3956D46DE8}") = "Libraries", "Libraries", "{19CB362F-8A13-4920-B9F4-065EA01A2BD6}"
EndProject
Project("{2150E333-8FDC-42A3-9474-1A3956D46DE8}") = "Bokeh", "Bokeh", "{64DBC470-3FC8-498D-99E9-B62E7065CA5B}"
EndProject
Project("{2150E333-8FDC-42A3-9474-1A3956D46DE8}") = "d3", "d3", "{E582AB98-05BD-42D1-B7FD-1C3429A1B3BF}"
EndProject
Project("{2150E333-8FDC-42A3-9474-1A3956D46DE8}") = "SciChart", "SciChart", "{85A55A88-5E3A-43BE-AEFA-EAA03BD9F363}"
EndProject
Project("{FAE04EC0-301F-11D3-BF4B-00C04F79EFBC}") = "PythonInterface", "PythonInterface\PythonInterface.csproj", "{1233EAB1-DB38-4264-830A-A40FC694D44D}"
	ProjectSection(ProjectDependencies) = postProject
		{8DA3258E-49CF-483F-A100-3A12304BDE0E} = {8DA3258E-49CF-483F-A100-3A12304BDE0E}
	EndProjectSection
EndProject
Project("{FAE04EC0-301F-11D3-BF4B-00C04F79EFBC}") = "SciChartInterface", "SciChartInterface\SciChartInterface.csproj", "{AC9A69F3-1273-46CD-BDD2-14BC512C8413}"
	ProjectSection(ProjectDependencies) = postProject
		{8DA3258E-49CF-483F-A100-3A12304BDE0E} = {8DA3258E-49CF-483F-A100-3A12304BDE0E}
	EndProjectSection
EndProject
Project("{9A19103F-16F7-4668-BE54-9A1E7A4F7556}") = "GrasshopperInterface", "GrasshopperInterface\GrasshopperInterface.csproj", "{B1C69323-41F2-45F8-8DE3-F17BCD76B9B3}"
	ProjectSection(ProjectDependencies) = postProject
		{F7EA1364-BB72-4A5C-8D18-B17FB1259CEC} = {F7EA1364-BB72-4A5C-8D18-B17FB1259CEC}
	EndProjectSection
EndProject
Project("{9A19103F-16F7-4668-BE54-9A1E7A4F7556}") = "GrasshopperLinking", "GrasshopperLinking\GrasshopperLinking.csproj", "{348138A1-0F01-43F4-B5B4-28DE7C5063D4}"
EndProject
Global
	GlobalSection(SolutionConfigurationPlatforms) = preSolution
		Debug|Any CPU = Debug|Any CPU
		Debug|x64 = Debug|x64
		Debug|x86 = Debug|x86
		Release|Any CPU = Release|Any CPU
		Release|x64 = Release|x64
		Release|x86 = Release|x86
	EndGlobalSection
	GlobalSection(ProjectConfigurationPlatforms) = postSolution
		{F7EA1364-BB72-4A5C-8D18-B17FB1259CEC}.Debug|Any CPU.ActiveCfg = Debug|x64
		{F7EA1364-BB72-4A5C-8D18-B17FB1259CEC}.Debug|Any CPU.Build.0 = Debug|x64
		{F7EA1364-BB72-4A5C-8D18-B17FB1259CEC}.Debug|x64.ActiveCfg = Debug|x64
		{F7EA1364-BB72-4A5C-8D18-B17FB1259CEC}.Debug|x64.Build.0 = Debug|x64
		{F7EA1364-BB72-4A5C-8D18-B17FB1259CEC}.Debug|x86.ActiveCfg = Debug|x86
		{F7EA1364-BB72-4A5C-8D18-B17FB1259CEC}.Debug|x86.Build.0 = Debug|x86
		{F7EA1364-BB72-4A5C-8D18-B17FB1259CEC}.Release|Any CPU.ActiveCfg = Release|x64
		{F7EA1364-BB72-4A5C-8D18-B17FB1259CEC}.Release|Any CPU.Build.0 = Release|x64
		{F7EA1364-BB72-4A5C-8D18-B17FB1259CEC}.Release|x64.ActiveCfg = Release|x64
		{F7EA1364-BB72-4A5C-8D18-B17FB1259CEC}.Release|x64.Build.0 = Release|x64
		{F7EA1364-BB72-4A5C-8D18-B17FB1259CEC}.Release|x86.ActiveCfg = Release|x86
		{F7EA1364-BB72-4A5C-8D18-B17FB1259CEC}.Release|x86.Build.0 = Release|x86
		{349A7EEE-74E9-44F5-8404-0DDB7B74DB6A}.Debug|Any CPU.ActiveCfg = Debug|x64
		{349A7EEE-74E9-44F5-8404-0DDB7B74DB6A}.Debug|Any CPU.Build.0 = Debug|x64
		{349A7EEE-74E9-44F5-8404-0DDB7B74DB6A}.Debug|x64.ActiveCfg = Debug|x64
		{349A7EEE-74E9-44F5-8404-0DDB7B74DB6A}.Debug|x64.Build.0 = Debug|x64
		{349A7EEE-74E9-44F5-8404-0DDB7B74DB6A}.Debug|x86.ActiveCfg = Debug|x86
		{349A7EEE-74E9-44F5-8404-0DDB7B74DB6A}.Debug|x86.Build.0 = Debug|x86
		{349A7EEE-74E9-44F5-8404-0DDB7B74DB6A}.Release|Any CPU.ActiveCfg = Release|x64
		{349A7EEE-74E9-44F5-8404-0DDB7B74DB6A}.Release|Any CPU.Build.0 = Release|x64
		{349A7EEE-74E9-44F5-8404-0DDB7B74DB6A}.Release|x64.ActiveCfg = Release|x64
		{349A7EEE-74E9-44F5-8404-0DDB7B74DB6A}.Release|x64.Build.0 = Release|x64
		{349A7EEE-74E9-44F5-8404-0DDB7B74DB6A}.Release|x86.ActiveCfg = Release|x86
		{349A7EEE-74E9-44F5-8404-0DDB7B74DB6A}.Release|x86.Build.0 = Release|x86
		{8DA3258E-49CF-483F-A100-3A12304BDE0E}.Debug|Any CPU.ActiveCfg = Debug|x64
		{8DA3258E-49CF-483F-A100-3A12304BDE0E}.Debug|Any CPU.Build.0 = Debug|x64
		{8DA3258E-49CF-483F-A100-3A12304BDE0E}.Debug|x64.ActiveCfg = Debug|x64
		{8DA3258E-49CF-483F-A100-3A12304BDE0E}.Debug|x64.Build.0 = Debug|x64
		{8DA3258E-49CF-483F-A100-3A12304BDE0E}.Debug|x86.ActiveCfg = Debug|x86
		{8DA3258E-49CF-483F-A100-3A12304BDE0E}.Debug|x86.Build.0 = Debug|x86
		{8DA3258E-49CF-483F-A100-3A12304BDE0E}.Release|Any CPU.ActiveCfg = Release|x64
		{8DA3258E-49CF-483F-A100-3A12304BDE0E}.Release|Any CPU.Build.0 = Release|x64
		{8DA3258E-49CF-483F-A100-3A12304BDE0E}.Release|x64.ActiveCfg = Release|x64
		{8DA3258E-49CF-483F-A100-3A12304BDE0E}.Release|x64.Build.0 = Release|x64
		{8DA3258E-49CF-483F-A100-3A12304BDE0E}.Release|x86.ActiveCfg = Release|x86
		{8DA3258E-49CF-483F-A100-3A12304BDE0E}.Release|x86.Build.0 = Release|x86
		{73CD0EC1-44DA-469C-B382-42479D3DE8EF}.Debug|Any CPU.ActiveCfg = Debug|x64
		{73CD0EC1-44DA-469C-B382-42479D3DE8EF}.Debug|Any CPU.Build.0 = Debug|x64
		{73CD0EC1-44DA-469C-B382-42479D3DE8EF}.Debug|x64.ActiveCfg = Debug|x64
		{73CD0EC1-44DA-469C-B382-42479D3DE8EF}.Debug|x64.Build.0 = Debug|x64
		{73CD0EC1-44DA-469C-B382-42479D3DE8EF}.Debug|x86.ActiveCfg = Debug|x86
		{73CD0EC1-44DA-469C-B382-42479D3DE8EF}.Debug|x86.Build.0 = Debug|x86
		{73CD0EC1-44DA-469C-B382-42479D3DE8EF}.Release|Any CPU.ActiveCfg = Release|x64
		{73CD0EC1-44DA-469C-B382-42479D3DE8EF}.Release|Any CPU.Build.0 = Release|x64
		{73CD0EC1-44DA-469C-B382-42479D3DE8EF}.Release|x64.ActiveCfg = Release|x64
		{73CD0EC1-44DA-469C-B382-42479D3DE8EF}.Release|x64.Build.0 = Release|x64
		{73CD0EC1-44DA-469C-B382-42479D3DE8EF}.Release|x86.ActiveCfg = Release|x86
		{73CD0EC1-44DA-469C-B382-42479D3DE8EF}.Release|x86.Build.0 = Release|x86
		{1233EAB1-DB38-4264-830A-A40FC694D44D}.Debug|Any CPU.ActiveCfg = Debug|x64
		{1233EAB1-DB38-4264-830A-A40FC694D44D}.Debug|Any CPU.Build.0 = Debug|x64
		{1233EAB1-DB38-4264-830A-A40FC694D44D}.Debug|x64.ActiveCfg = Debug|x64
		{1233EAB1-DB38-4264-830A-A40FC694D44D}.Debug|x64.Build.0 = Debug|x64
		{1233EAB1-DB38-4264-830A-A40FC694D44D}.Debug|x86.ActiveCfg = Debug|x86
		{1233EAB1-DB38-4264-830A-A40FC694D44D}.Debug|x86.Build.0 = Debug|x86
		{1233EAB1-DB38-4264-830A-A40FC694D44D}.Release|Any CPU.ActiveCfg = Release|x64
		{1233EAB1-DB38-4264-830A-A40FC694D44D}.Release|Any CPU.Build.0 = Release|x64
		{1233EAB1-DB38-4264-830A-A40FC694D44D}.Release|x64.ActiveCfg = Release|x64
		{1233EAB1-DB38-4264-830A-A40FC694D44D}.Release|x64.Build.0 = Release|x64
		{1233EAB1-DB38-4264-830A-A40FC694D44D}.Release|x86.ActiveCfg = Release|x86
		{1233EAB1-DB38-4264-830A-A40FC694D44D}.Release|x86.Build.0 = Release|x86
		{AC9A69F3-1273-46CD-BDD2-14BC512C8413}.Debug|Any CPU.ActiveCfg = Debug|x64
		{AC9A69F3-1273-46CD-BDD2-14BC512C8413}.Debug|Any CPU.Build.0 = Debug|x64
		{AC9A69F3-1273-46CD-BDD2-14BC512C8413}.Debug|x64.ActiveCfg = Debug|x64
		{AC9A69F3-1273-46CD-BDD2-14BC512C8413}.Debug|x64.Build.0 = Debug|x64
		{AC9A69F3-1273-46CD-BDD2-14BC512C8413}.Debug|x86.ActiveCfg = Debug|x86
		{AC9A69F3-1273-46CD-BDD2-14BC512C8413}.Debug|x86.Build.0 = Debug|x86
		{AC9A69F3-1273-46CD-BDD2-14BC512C8413}.Release|Any CPU.ActiveCfg = Release|x64
		{AC9A69F3-1273-46CD-BDD2-14BC512C8413}.Release|Any CPU.Build.0 = Release|x64
		{AC9A69F3-1273-46CD-BDD2-14BC512C8413}.Release|x64.ActiveCfg = Release|x64
		{AC9A69F3-1273-46CD-BDD2-14BC512C8413}.Release|x64.Build.0 = Release|x64
		{AC9A69F3-1273-46CD-BDD2-14BC512C8413}.Release|x86.ActiveCfg = Release|x86
		{AC9A69F3-1273-46CD-BDD2-14BC512C8413}.Release|x86.Build.0 = Release|x86
		{B1C69323-41F2-45F8-8DE3-F17BCD76B9B3}.Debug|Any CPU.ActiveCfg = Debug|x64
		{B1C69323-41F2-45F8-8DE3-F17BCD76B9B3}.Debug|Any CPU.Build.0 = Debug|x64
		{B1C69323-41F2-45F8-8DE3-F17BCD76B9B3}.Debug|x64.ActiveCfg = Debug|x64
		{B1C69323-41F2-45F8-8DE3-F17BCD76B9B3}.Debug|x64.Build.0 = Debug|x64
		{B1C69323-41F2-45F8-8DE3-F17BCD76B9B3}.Debug|x86.ActiveCfg = Debug|Any CPU
		{B1C69323-41F2-45F8-8DE3-F17BCD76B9B3}.Debug|x86.Build.0 = Debug|Any CPU
		{B1C69323-41F2-45F8-8DE3-F17BCD76B9B3}.Release|Any CPU.ActiveCfg = Release|Any CPU
		{B1C69323-41F2-45F8-8DE3-F17BCD76B9B3}.Release|Any CPU.Build.0 = Release|Any CPU
		{B1C69323-41F2-45F8-8DE3-F17BCD76B9B3}.Release|x64.ActiveCfg = Release|Any CPU
		{B1C69323-41F2-45F8-8DE3-F17BCD76B9B3}.Release|x64.Build.0 = Release|Any CPU
		{B1C69323-41F2-45F8-8DE3-F17BCD76B9B3}.Release|x86.ActiveCfg = Release|Any CPU
		{B1C69323-41F2-45F8-8DE3-F17BCD76B9B3}.Release|x86.Build.0 = Release|Any CPU
		{348138A1-0F01-43F4-B5B4-28DE7C5063D4}.Debug|Any CPU.ActiveCfg = Debug|Any CPU
		{348138A1-0F01-43F4-B5B4-28DE7C5063D4}.Debug|Any CPU.Build.0 = Debug|Any CPU
		{348138A1-0F01-43F4-B5B4-28DE7C5063D4}.Debug|x64.ActiveCfg = Debug|x64
		{348138A1-0F01-43F4-B5B4-28DE7C5063D4}.Debug|x64.Build.0 = Debug|x64
		{348138A1-0F01-43F4-B5B4-28DE7C5063D4}.Debug|x86.ActiveCfg = Debug|Any CPU
		{348138A1-0F01-43F4-B5B4-28DE7C5063D4}.Debug|x86.Build.0 = Debug|Any CPU
		{348138A1-0F01-43F4-B5B4-28DE7C5063D4}.Release|Any CPU.ActiveCfg = Release|Any CPU
		{348138A1-0F01-43F4-B5B4-28DE7C5063D4}.Release|Any CPU.Build.0 = Release|Any CPU
		{348138A1-0F01-43F4-B5B4-28DE7C5063D4}.Release|x64.ActiveCfg = Release|Any CPU
		{348138A1-0F01-43F4-B5B4-28DE7C5063D4}.Release|x64.Build.0 = Release|Any CPU
		{348138A1-0F01-43F4-B5B4-28DE7C5063D4}.Release|x86.ActiveCfg = Release|Any CPU
		{348138A1-0F01-43F4-B5B4-28DE7C5063D4}.Release|x86.Build.0 = Release|Any CPU
	EndGlobalSection
	GlobalSection(SolutionProperties) = preSolution
		HideSolutionNode = FALSE
	EndGlobalSection
	GlobalSection(NestedProjects) = preSolution
		{F7EA1364-BB72-4A5C-8D18-B17FB1259CEC} = {5F95C4A3-F007-44BD-8F70-AD62BB3E0DF5}
		{349A7EEE-74E9-44F5-8404-0DDB7B74DB6A} = {E582AB98-05BD-42D1-B7FD-1C3429A1B3BF}
		{8DA3258E-49CF-483F-A100-3A12304BDE0E} = {E34DEBB4-3461-4181-AD7D-98FED63E2A97}
		{73CD0EC1-44DA-469C-B382-42479D3DE8EF} = {F33F180B-EA53-432F-BCCF-421EC014710C}
		{F33F180B-EA53-432F-BCCF-421EC014710C} = {E34DEBB4-3461-4181-AD7D-98FED63E2A97}
		{19CB362F-8A13-4920-B9F4-065EA01A2BD6} = {F33F180B-EA53-432F-BCCF-421EC014710C}
		{64DBC470-3FC8-498D-99E9-B62E7065CA5B} = {19CB362F-8A13-4920-B9F4-065EA01A2BD6}
		{E582AB98-05BD-42D1-B7FD-1C3429A1B3BF} = {19CB362F-8A13-4920-B9F4-065EA01A2BD6}
		{85A55A88-5E3A-43BE-AEFA-EAA03BD9F363} = {19CB362F-8A13-4920-B9F4-065EA01A2BD6}
		{1233EAB1-DB38-4264-830A-A40FC694D44D} = {64DBC470-3FC8-498D-99E9-B62E7065CA5B}
		{AC9A69F3-1273-46CD-BDD2-14BC512C8413} = {85A55A88-5E3A-43BE-AEFA-EAA03BD9F363}
		{B1C69323-41F2-45F8-8DE3-F17BCD76B9B3} = {C91437D0-7D9E-4502-9446-CC03BAF61A78}
		{348138A1-0F01-43F4-B5B4-28DE7C5063D4} = {C91437D0-7D9E-4502-9446-CC03BAF61A78}
	EndGlobalSection
	GlobalSection(ExtensibilityGlobals) = postSolution
		SolutionGuid = {E71FDC1C-EC56-407A-8972-403FA39E2EE2}
	EndGlobalSection
EndGlobal
